
Microsoft Visual Studio Solution File, Format Version 12.00
# Visual Studio Version 17
VisualStudioVersion = 17.8.34330.188
MinimumVisualStudioVersion = 10.0.40219.1
Project("{9A19103F-16F7-4668-BE54-9A1E7A4F7556}") = "Api", "Api\Api.csproj", "{00433F2E-5D23-41ED-BFC2-B5EEF7480242}"
EndProject
Project("{FAE04EC0-301F-11D3-BF4B-00C04F79EFBC}") = "Api.Data", "Api.Data\Api.Data.csproj", "{6F4E8933-0062-41A8-8A40-A2B0A99136E6}"
EndProject
Project("{FAE04EC0-301F-11D3-BF4B-00C04F79EFBC}") = "Api.Data.Migrations", "Api.Data.Migrations\Api.Data.Migrations.csproj", "{6CF36F26-BE01-4B12-B95D-8DCB7F88DAB8}"
EndProject
Global
	GlobalSection(SolutionConfigurationPlatforms) = preSolution
		Debug|Any CPU = Debug|Any CPU
		Release|Any CPU = Release|Any CPU
	EndGlobalSection
	GlobalSection(ProjectConfigurationPlatforms) = postSolution
		{00433F2E-5D23-41ED-BFC2-B5EEF7480242}.Debug|Any CPU.ActiveCfg = Debug|Any CPU
		{00433F2E-5D23-41ED-BFC2-B5EEF7480242}.Debug|Any CPU.Build.0 = Debug|Any CPU
		{00433F2E-5D23-41ED-BFC2-B5EEF7480242}.Release|Any CPU.ActiveCfg = Release|Any CPU
		{00433F2E-5D23-41ED-BFC2-B5EEF7480242}.Release|Any CPU.Build.0 = Release|Any CPU
		{6F4E8933-0062-41A8-8A40-A2B0A99136E6}.Debug|Any CPU.ActiveCfg = Debug|Any CPU
		{6F4E8933-0062-41A8-8A40-A2B0A99136E6}.Debug|Any CPU.Build.0 = Debug|Any CPU
		{6F4E8933-0062-41A8-8A40-A2B0A99136E6}.Release|Any CPU.ActiveCfg = Release|Any CPU
		{6F4E8933-0062-41A8-8A40-A2B0A99136E6}.Release|Any CPU.Build.0 = Release|Any CPU
		{6CF36F26-BE01-4B12-B95D-8DCB7F88DAB8}.Debug|Any CPU.ActiveCfg = Debug|Any CPU
		{6CF36F26-BE01-4B12-B95D-8DCB7F88DAB8}.Debug|Any CPU.Build.0 = Debug|Any CPU
		{6CF36F26-BE01-4B12-B95D-8DCB7F88DAB8}.Release|Any CPU.ActiveCfg = Release|Any CPU
		{6CF36F26-BE01-4B12-B95D-8DCB7F88DAB8}.Release|Any CPU.Build.0 = Release|Any CPU
	EndGlobalSection
	GlobalSection(SolutionProperties) = preSolution
		HideSolutionNode = FALSE
	EndGlobalSection
	GlobalSection(ExtensibilityGlobals) = postSolution
		SolutionGuid = {C78D18D8-A033-4E1C-BA70-238DB0FBD5CB}
	EndGlobalSection
EndGlobal
